
Microsoft Visual Studio Solution File, Format Version 12.00
# Visual Studio Version 17
VisualStudioVersion = 17.5.002.0
MinimumVisualStudioVersion = 10.0.40219.1
Project("{9A19103F-16F7-4668-BE54-9A1E7A4F7556}") = "Blackjack", "Blackjack.csproj", "{74C6DAC6-81A1-41BA-980D-C3B808968908}"
EndProject
Global
	GlobalSection(SolutionConfigurationPlatforms) = preSolution
		Debug|Any CPU = Debug|Any CPU
		Release|Any CPU = Release|Any CPU
	EndGlobalSection
	GlobalSection(ProjectConfigurationPlatforms) = postSolution
		{74C6DAC6-81A1-41BA-980D-C3B808968908}.Debug|Any CPU.ActiveCfg = Debug|Any CPU
		{74C6DAC6-81A1-41BA-980D-C3B808968908}.Debug|Any CPU.Build.0 = Debug|Any CPU
		{74C6DAC6-81A1-41BA-980D-C3B808968908}.Release|Any CPU.ActiveCfg = Release|Any CPU
		{74C6DAC6-81A1-41BA-980D-C3B808968908}.Release|Any CPU.Build.0 = Release|Any CPU
	EndGlobalSection
	GlobalSection(SolutionProperties) = preSolution
		HideSolutionNode = FALSE
	EndGlobalSection
	GlobalSection(ExtensibilityGlobals) = postSolution
		SolutionGuid = {8A2D87C3-D3C0-43DC-AE69-8E6839AA9566}
	EndGlobalSection
EndGlobal
